
Microsoft Visual Studio Solution File, Format Version 11.00
# Visual Studio 2010
Project("{FAE04EC0-301F-11D3-BF4B-00C04F79EFBC}") = "SuicaProject", "Assembly-CSharp.csproj", "{432C3312-E477-3B1E-AFBF-D72AB00D6E88}"
EndProject
Global
	GlobalSection(SolutionConfigurationPlatforms) = preSolution
		Debug|Any CPU = Debug|Any CPU
		Release|Any CPU = Release|Any CPU
	EndGlobalSection
	GlobalSection(ProjectConfigurationPlatforms) = postSolution
		{432C3312-E477-3B1E-AFBF-D72AB00D6E88}.Debug|Any CPU.ActiveCfg = Debug|Any CPU
		{432C3312-E477-3B1E-AFBF-D72AB00D6E88}.Debug|Any CPU.Build.0 = Debug|Any CPU
		{432C3312-E477-3B1E-AFBF-D72AB00D6E88}.Release|Any CPU.ActiveCfg = Release|Any CPU
		{432C3312-E477-3B1E-AFBF-D72AB00D6E88}.Release|Any CPU.Build.0 = Release|Any CPU
	EndGlobalSection
	GlobalSection(SolutionProperties) = preSolution
		HideSolutionNode = FALSE
	EndGlobalSection
	GlobalSection(MonoDevelopProperties) = preSolution
		StartupItem = Assembly-CSharp.csproj
	EndGlobalSection
EndGlobal
